
Microsoft Visual Studio Solution File, Format Version 12.00
# Visual Studio Version 17
VisualStudioVersion = 17.7.34202.233
MinimumVisualStudioVersion = 10.0.40219.1
Project("{FAE04EC0-301F-11D3-BF4B-00C04F79EFBC}") = "ProjectPapyrus", "ProjectPapyrus.csproj", "{C0A007F5-29FF-4ED8-B4AC-AEB7B335DA88}"
EndProject
Global
	GlobalSection(SolutionConfigurationPlatforms) = preSolution
		Debug|Any CPU = Debug|Any CPU
		Release|Any CPU = Release|Any CPU
	EndGlobalSection
	GlobalSection(ProjectConfigurationPlatforms) = postSolution
		{C0A007F5-29FF-4ED8-B4AC-AEB7B335DA88}.Debug|Any CPU.ActiveCfg = Debug|Any CPU
		{C0A007F5-29FF-4ED8-B4AC-AEB7B335DA88}.Debug|Any CPU.Build.0 = Debug|Any CPU
		{C0A007F5-29FF-4ED8-B4AC-AEB7B335DA88}.Release|Any CPU.ActiveCfg = Release|Any CPU
		{C0A007F5-29FF-4ED8-B4AC-AEB7B335DA88}.Release|Any CPU.Build.0 = Release|Any CPU
	EndGlobalSection
	GlobalSection(SolutionProperties) = preSolution
		HideSolutionNode = FALSE
	EndGlobalSection
	GlobalSection(ExtensibilityGlobals) = postSolution
		SolutionGuid = {3BBFECD7-DAA1-465E-AC21-A0BE9AE27FA2}
	EndGlobalSection
EndGlobal
